
Microsoft Visual Studio Solution File, Format Version 12.00
# Visual Studio Version 17
VisualStudioVersion = 17.13.35931.197 d17.13
MinimumVisualStudioVersion = 10.0.40219.1
Project("{FAE04EC0-301F-11D3-BF4B-00C04F79EFBC}") = "smartFactory_MillProcess", "smartFactory_MillProcess\smartFactory_MillProcess.csproj", "{EE516561-2F11-4DAF-B92A-C1F1C7967CEE}"
EndProject
Global
	GlobalSection(SolutionConfigurationPlatforms) = preSolution
		Debug|Any CPU = Debug|Any CPU
		Release|Any CPU = Release|Any CPU
	EndGlobalSection
	GlobalSection(ProjectConfigurationPlatforms) = postSolution
		{EE516561-2F11-4DAF-B92A-C1F1C7967CEE}.Debug|Any CPU.ActiveCfg = Debug|Any CPU
		{EE516561-2F11-4DAF-B92A-C1F1C7967CEE}.Debug|Any CPU.Build.0 = Debug|Any CPU
		{EE516561-2F11-4DAF-B92A-C1F1C7967CEE}.Release|Any CPU.ActiveCfg = Release|Any CPU
		{EE516561-2F11-4DAF-B92A-C1F1C7967CEE}.Release|Any CPU.Build.0 = Release|Any CPU
	EndGlobalSection
	GlobalSection(SolutionProperties) = preSolution
		HideSolutionNode = FALSE
	EndGlobalSection
	GlobalSection(ExtensibilityGlobals) = postSolution
		SolutionGuid = {EBA8C61A-9023-4F0F-A189-31E130D0D646}
	EndGlobalSection
EndGlobal
